// !$*UTF8*$!
{
	archiveVersion = 1;
	classes = {
	};
	objectVersion = 56;
	objects = {

/* Begin PBXBuildFile section */
		62F5DDC42967B7480039D0BA /* RatibaApp.swift in Sources */ = {isa = PBXBuildFile; fileRef = 62F5DDC32967B7480039D0BA /* RatibaApp.swift */; };
		62F5DDC62967B7480039D0BA /* ContentView.swift in Sources */ = {isa = PBXBuildFile; fileRef = 62F5DDC52967B7480039D0BA /* ContentView.swift */; };
		62F5DDC82967B7490039D0BA /* Assets.xcassets in Resources */ = {isa = PBXBuildFile; fileRef = 62F5DDC72967B7490039D0BA /* Assets.xcassets */; };
		62F5DDCB2967B7490039D0BA /* Preview Assets.xcassets in Resources */ = {isa = PBXBuildFile; fileRef = 62F5DDCA2967B7490039D0BA /* Preview Assets.xcassets */; };
		62F5DDD72967E8650039D0BA /* ClassListView.swift in Sources */ = {isa = PBXBuildFile; fileRef = 62F5DDD62967E8650039D0BA /* ClassListView.swift */; };
		62F5DDD92967E8730039D0BA /* StudentListView.swift in Sources */ = {isa = PBXBuildFile; fileRef = 62F5DDD82967E8730039D0BA /* StudentListView.swift */; };
		62F5DDDB2967E8810039D0BA /* ClassDetailView.swift in Sources */ = {isa = PBXBuildFile; fileRef = 62F5DDDA2967E8810039D0BA /* ClassDetailView.swift */; };
		62F5DDDD2967E8990039D0BA /* StudentDetailView.swift in Sources */ = {isa = PBXBuildFile; fileRef = 62F5DDDC2967E8990039D0BA /* StudentDetailView.swift */; };
		62F5DDDF2967E8A90039D0BA /* AddClassView.swift in Sources */ = {isa = PBXBuildFile; fileRef = 62F5DDDE2967E8A90039D0BA /* AddClassView.swift */; };
		62F5DDE12967E8BA0039D0BA /* AddStudentView.swift in Sources */ = {isa = PBXBuildFile; fileRef = 62F5DDE02967E8BA0039D0BA /* AddStudentView.swift */; };
		62F5DDE32967E8CE0039D0BA /* AddStudentToClassView.swift in Sources */ = {isa = PBXBuildFile; fileRef = 62F5DDE22967E8CE0039D0BA /* AddStudentToClassView.swift */; };
		62F5DDE52967E8E40039D0BA /* EditStudentView.swift in Sources */ = {isa = PBXBuildFile; fileRef = 62F5DDE42967E8E40039D0BA /* EditStudentView.swift */; };
		62F5DDE72967E8F30039D0BA /* EditClassView.swift in Sources */ = {isa = PBXBuildFile; fileRef = 62F5DDE62967E8F30039D0BA /* EditClassView.swift */; };
		62F5DDE92967E9270039D0BA /* Persistence.swift in Sources */ = {isa = PBXBuildFile; fileRef = 62F5DDE82967E9270039D0BA /* Persistence.swift */; };
		62F5DDEC2967E9CB0039D0BA /* Ratiba.xcdatamodeld in Sources */ = {isa = PBXBuildFile; fileRef = 62F5DDEA2967E9CB0039D0BA /* Ratiba.xcdatamodeld */; };
		62F5DDEF2967EF7F0039D0BA /* DateExtension.swift in Sources */ = {isa = PBXBuildFile; fileRef = 62F5DDEE2967EF7F0039D0BA /* DateExtension.swift */; };
		62F5DDF1296825A20039D0BA /* Day.swift in Sources */ = {isa = PBXBuildFile; fileRef = 62F5DDF0296825A20039D0BA /* Day.swift */; };
		62F5DDF3296826B30039D0BA /* Week.swift in Sources */ = {isa = PBXBuildFile; fileRef = 62F5DDF2296826B30039D0BA /* Week.swift */; };
/* End PBXBuildFile section */

/* Begin PBXFileReference section */
		62F5DDC02967B7480039D0BA /* Ratiba.app */ = {isa = PBXFileReference; explicitFileType = wrapper.application; includeInIndex = 0; path = Ratiba.app; sourceTree = BUILT_PRODUCTS_DIR; };
		62F5DDC32967B7480039D0BA /* RatibaApp.swift */ = {isa = PBXFileReference; lastKnownFileType = sourcecode.swift; path = RatibaApp.swift; sourceTree = "<group>"; };
		62F5DDC52967B7480039D0BA /* ContentView.swift */ = {isa = PBXFileReference; lastKnownFileType = sourcecode.swift; path = ContentView.swift; sourceTree = "<group>"; };
		62F5DDC72967B7490039D0BA /* Assets.xcassets */ = {isa = PBXFileReference; lastKnownFileType = folder.assetcatalog; path = Assets.xcassets; sourceTree = "<group>"; };
		62F5DDCA2967B7490039D0BA /* Preview Assets.xcassets */ = {isa = PBXFileReference; lastKnownFileType = folder.assetcatalog; path = "Preview Assets.xcassets"; sourceTree = "<group>"; };
		62F5DDD62967E8650039D0BA /* ClassListView.swift */ = {isa = PBXFileReference; lastKnownFileType = sourcecode.swift; path = ClassListView.swift; sourceTree = "<group>"; };
		62F5DDD82967E8730039D0BA /* StudentListView.swift */ = {isa = PBXFileReference; lastKnownFileType = sourcecode.swift; path = StudentListView.swift; sourceTree = "<group>"; };
		62F5DDDA2967E8810039D0BA /* ClassDetailView.swift */ = {isa = PBXFileReference; lastKnownFileType = sourcecode.swift; path = ClassDetailView.swift; sourceTree = "<group>"; };
		62F5DDDC2967E8990039D0BA /* StudentDetailView.swift */ = {isa = PBXFileReference; lastKnownFileType = sourcecode.swift; path = StudentDetailView.swift; sourceTree = "<group>"; };
		62F5DDDE2967E8A90039D0BA /* AddClassView.swift */ = {isa = PBXFileReference; lastKnownFileType = sourcecode.swift; path = AddClassView.swift; sourceTree = "<group>"; };
		62F5DDE02967E8BA0039D0BA /* AddStudentView.swift */ = {isa = PBXFileReference; lastKnownFileType = sourcecode.swift; path = AddStudentView.swift; sourceTree = "<group>"; };
		62F5DDE22967E8CE0039D0BA /* AddStudentToClassView.swift */ = {isa = PBXFileReference; lastKnownFileType = sourcecode.swift; path = AddStudentToClassView.swift; sourceTree = "<group>"; };
		62F5DDE42967E8E40039D0BA /* EditStudentView.swift */ = {isa = PBXFileReference; lastKnownFileType = sourcecode.swift; path = EditStudentView.swift; sourceTree = "<group>"; };
		62F5DDE62967E8F30039D0BA /* EditClassView.swift */ = {isa = PBXFileReference; lastKnownFileType = sourcecode.swift; path = EditClassView.swift; sourceTree = "<group>"; };
		62F5DDE82967E9270039D0BA /* Persistence.swift */ = {isa = PBXFileReference; lastKnownFileType = sourcecode.swift; path = Persistence.swift; sourceTree = "<group>"; };
		62F5DDEB2967E9CB0039D0BA /* Ratiba.xcdatamodel */ = {isa = PBXFileReference; lastKnownFileType = wrapper.xcdatamodel; path = Ratiba.xcdatamodel; sourceTree = "<group>"; };
		62F5DDEE2967EF7F0039D0BA /* DateExtension.swift */ = {isa = PBXFileReference; lastKnownFileType = sourcecode.swift; path = DateExtension.swift; sourceTree = "<group>"; };
		62F5DDF0296825A20039D0BA /* Day.swift */ = {isa = PBXFileReference; lastKnownFileType = sourcecode.swift; path = Day.swift; sourceTree = "<group>"; };
		62F5DDF2296826B30039D0BA /* Week.swift */ = {isa = PBXFileReference; lastKnownFileType = sourcecode.swift; path = Week.swift; sourceTree = "<group>"; };
/* End PBXFileReference section */

/* Begin PBXFrameworksBuildPhase section */
		62F5DDBD2967B7480039D0BA /* Frameworks */ = {
			isa = PBXFrameworksBuildPhase;
			buildActionMask = 2147483647;
			files = (
			);
			runOnlyForDeploymentPostprocessing = 0;
		};
/* End PBXFrameworksBuildPhase section */

/* Begin PBXGroup section */
		62F5DDB72967B7480039D0BA = {
			isa = PBXGroup;
			children = (
				62F5DDC22967B7480039D0BA /* Ratiba */,
				62F5DDC12967B7480039D0BA /* Products */,
			);
			sourceTree = "<group>";
		};
		62F5DDC12967B7480039D0BA /* Products */ = {
			isa = PBXGroup;
			children = (
				62F5DDC02967B7480039D0BA /* Ratiba.app */,
			);
			name = Products;
			sourceTree = "<group>";
		};
		62F5DDC22967B7480039D0BA /* Ratiba */ = {
			isa = PBXGroup;
			children = (
				62F5DDED2967EF4F0039D0BA /* Extensions */,
				62F5DDD52967B7AE0039D0BA /* Utility */,
				62F5DDD42967B7A70039D0BA /* View */,
				62F5DDD32967B78D0039D0BA /* Data */,
				62F5DDD22967B7830039D0BA /* App */,
				62F5DDD12967B77B0039D0BA /* Model */,
				62F5DDC32967B7480039D0BA /* RatibaApp.swift */,
				62F5DDC52967B7480039D0BA /* ContentView.swift */,
				62F5DDC72967B7490039D0BA /* Assets.xcassets */,
				62F5DDC92967B7490039D0BA /* Preview Content */,
			);
			path = Ratiba;
			sourceTree = "<group>";
		};
		62F5DDC92967B7490039D0BA /* Preview Content */ = {
			isa = PBXGroup;
			children = (
				62F5DDCA2967B7490039D0BA /* Preview Assets.xcassets */,
			);
			path = "Preview Content";
			sourceTree = "<group>";
		};
		62F5DDD12967B77B0039D0BA /* Model */ = {
			isa = PBXGroup;
			children = (
				62F5DDF0296825A20039D0BA /* Day.swift */,
				62F5DDF2296826B30039D0BA /* Week.swift */,
			);
			path = Model;
			sourceTree = "<group>";
		};
		62F5DDD22967B7830039D0BA /* App */ = {
			isa = PBXGroup;
			children = (
				62F5DDD62967E8650039D0BA /* ClassListView.swift */,
				62F5DDD82967E8730039D0BA /* StudentListView.swift */,
				62F5DDDA2967E8810039D0BA /* ClassDetailView.swift */,
				62F5DDDC2967E8990039D0BA /* StudentDetailView.swift */,
				62F5DDDE2967E8A90039D0BA /* AddClassView.swift */,
				62F5DDE02967E8BA0039D0BA /* AddStudentView.swift */,
				62F5DDE22967E8CE0039D0BA /* AddStudentToClassView.swift */,
				62F5DDE42967E8E40039D0BA /* EditStudentView.swift */,
				62F5DDE62967E8F30039D0BA /* EditClassView.swift */,
			);
			path = App;
			sourceTree = "<group>";
		};
		62F5DDD32967B78D0039D0BA /* Data */ = {
			isa = PBXGroup;
			children = (
				62F5DDE82967E9270039D0BA /* Persistence.swift */,
				62F5DDEA2967E9CB0039D0BA /* Ratiba.xcdatamodeld */,
			);
			path = Data;
			sourceTree = "<group>";
		};
		62F5DDD42967B7A70039D0BA /* View */ = {
			isa = PBXGroup;
			children = (
			);
			path = View;
			sourceTree = "<group>";
		};
		62F5DDD52967B7AE0039D0BA /* Utility */ = {
			isa = PBXGroup;
			children = (
			);
			path = Utility;
			sourceTree = "<group>";
		};
		62F5DDED2967EF4F0039D0BA /* Extensions */ = {
			isa = PBXGroup;
			children = (
				62F5DDEE2967EF7F0039D0BA /* DateExtension.swift */,
			);
			path = Extensions;
			sourceTree = "<group>";
		};
/* End PBXGroup section */

/* Begin PBXNativeTarget section */
		62F5DDBF2967B7480039D0BA /* Ratiba */ = {
			isa = PBXNativeTarget;
			buildConfigurationList = 62F5DDCE2967B7490039D0BA /* Build configuration list for PBXNativeTarget "Ratiba" */;
			buildPhases = (
				62F5DDBC2967B7480039D0BA /* Sources */,
				62F5DDBD2967B7480039D0BA /* Frameworks */,
				62F5DDBE2967B7480039D0BA /* Resources */,
			);
			buildRules = (
			);
			dependencies = (
			);
			name = Ratiba;
			productName = Ratiba;
			productReference = 62F5DDC02967B7480039D0BA /* Ratiba.app */;
			productType = "com.apple.product-type.application";
		};
/* End PBXNativeTarget section */

/* Begin PBXProject section */
		62F5DDB82967B7480039D0BA /* Project object */ = {
			isa = PBXProject;
			attributes = {
				BuildIndependentTargetsInParallel = 1;
				LastSwiftUpdateCheck = 1420;
				LastUpgradeCheck = 1420;
				TargetAttributes = {
					62F5DDBF2967B7480039D0BA = {
						CreatedOnToolsVersion = 14.2;
					};
				};
			};
			buildConfigurationList = 62F5DDBB2967B7480039D0BA /* Build configuration list for PBXProject "Ratiba" */;
			compatibilityVersion = "Xcode 14.0";
			developmentRegion = en;
			hasScannedForEncodings = 0;
			knownRegions = (
				en,
				Base,
			);
			mainGroup = 62F5DDB72967B7480039D0BA;
			productRefGroup = 62F5DDC12967B7480039D0BA /* Products */;
			projectDirPath = "";
			projectRoot = "";
			targets = (
				62F5DDBF2967B7480039D0BA /* Ratiba */,
			);
		};
/* End PBXProject section */

/* Begin PBXResourcesBuildPhase section */
		62F5DDBE2967B7480039D0BA /* Resources */ = {
			isa = PBXResourcesBuildPhase;
			buildActionMask = 2147483647;
			files = (
				62F5DDCB2967B7490039D0BA /* Preview Assets.xcassets in Resources */,
				62F5DDC82967B7490039D0BA /* Assets.xcassets in Resources */,
			);
			runOnlyForDeploymentPostprocessing = 0;
		};
/* End PBXResourcesBuildPhase section */

/* Begin PBXSourcesBuildPhase section */
		62F5DDBC2967B7480039D0BA /* Sources */ = {
			isa = PBXSourcesBuildPhase;
			buildActionMask = 2147483647;
			files = (
				62F5DDD72967E8650039D0BA /* ClassListView.swift in Sources */,
				62F5DDF3296826B30039D0BA /* Week.swift in Sources */,
				62F5DDEF2967EF7F0039D0BA /* DateExtension.swift in Sources */,
				62F5DDC62967B7480039D0BA /* ContentView.swift in Sources */,
				62F5DDE32967E8CE0039D0BA /* AddStudentToClassView.swift in Sources */,
				62F5DDE12967E8BA0039D0BA /* AddStudentView.swift in Sources */,
				62F5DDDF2967E8A90039D0BA /* AddClassView.swift in Sources */,
				62F5DDD92967E8730039D0BA /* StudentListView.swift in Sources */,
				62F5DDE52967E8E40039D0BA /* EditStudentView.swift in Sources */,
				62F5DDF1296825A20039D0BA /* Day.swift in Sources */,
				62F5DDEC2967E9CB0039D0BA /* Ratiba.xcdatamodeld in Sources */,
				62F5DDE72967E8F30039D0BA /* EditClassView.swift in Sources */,
				62F5DDC42967B7480039D0BA /* RatibaApp.swift in Sources */,
				62F5DDE92967E9270039D0BA /* Persistence.swift in Sources */,
				62F5DDDB2967E8810039D0BA /* ClassDetailView.swift in Sources */,
				62F5DDDD2967E8990039D0BA /* StudentDetailView.swift in Sources */,
			);
			runOnlyForDeploymentPostprocessing = 0;
		};
/* End PBXSourcesBuildPhase section */

/* Begin XCBuildConfiguration section */
		62F5DDCC2967B7490039D0BA /* Debug */ = {
			isa = XCBuildConfiguration;
			buildSettings = {
				ALWAYS_SEARCH_USER_PATHS = NO;
				CLANG_ANALYZER_NONNULL = YES;
				CLANG_ANALYZER_NUMBER_OBJECT_CONVERSION = YES_AGGRESSIVE;
				CLANG_CXX_LANGUAGE_STANDARD = "gnu++20";
				CLANG_ENABLE_MODULES = YES;
				CLANG_ENABLE_OBJC_ARC = YES;
				CLANG_ENABLE_OBJC_WEAK = YES;
				CLANG_WARN_BLOCK_CAPTURE_AUTORELEASING = YES;
				CLANG_WARN_BOOL_CONVERSION = YES;
				CLANG_WARN_COMMA = YES;
				CLANG_WARN_CONSTANT_CONVERSION = YES;
				CLANG_WARN_DEPRECATED_OBJC_IMPLEMENTATIONS = YES;
				CLANG_WARN_DIRECT_OBJC_ISA_USAGE = YES_ERROR;
				CLANG_WARN_DOCUMENTATION_COMMENTS = YES;
				CLANG_WARN_EMPTY_BODY = YES;
				CLANG_WARN_ENUM_CONVERSION = YES;
				CLANG_WARN_INFINITE_RECURSION = YES;
				CLANG_WARN_INT_CONVERSION = YES;
				CLANG_WARN_NON_LITERAL_NULL_CONVERSION = YES;
				CLANG_WARN_OBJC_IMPLICIT_RETAIN_SELF = YES;
				CLANG_WARN_OBJC_LITERAL_CONVERSION = YES;
				CLANG_WARN_OBJC_ROOT_CLASS = YES_ERROR;
				CLANG_WARN_QUOTED_INCLUDE_IN_FRAMEWORK_HEADER = YES;
				CLANG_WARN_RANGE_LOOP_ANALYSIS = YES;
				CLANG_WARN_STRICT_PROTOTYPES = YES;
				CLANG_WARN_SUSPICIOUS_MOVE = YES;
				CLANG_WARN_UNGUARDED_AVAILABILITY = YES_AGGRESSIVE;
				CLANG_WARN_UNREACHABLE_CODE = YES;
				CLANG_WARN__DUPLICATE_METHOD_MATCH = YES;
				COPY_PHASE_STRIP = NO;
				DEBUG_INFORMATION_FORMAT = dwarf;
				ENABLE_STRICT_OBJC_MSGSEND = YES;
				ENABLE_TESTABILITY = YES;
				GCC_C_LANGUAGE_STANDARD = gnu11;
				GCC_DYNAMIC_NO_PIC = NO;
				GCC_NO_COMMON_BLOCKS = YES;
				GCC_OPTIMIZATION_LEVEL = 0;
				GCC_PREPROCESSOR_DEFINITIONS = (
					"DEBUG=1",
					"$(inherited)",
				);
				GCC_WARN_64_TO_32_BIT_CONVERSION = YES;
				GCC_WARN_ABOUT_RETURN_TYPE = YES_ERROR;
				GCC_WARN_UNDECLARED_SELECTOR = YES;
				GCC_WARN_UNINITIALIZED_AUTOS = YES_AGGRESSIVE;
				GCC_WARN_UNUSED_FUNCTION = YES;
				GCC_WARN_UNUSED_VARIABLE = YES;
				IPHONEOS_DEPLOYMENT_TARGET = 16.2;
				MTL_ENABLE_DEBUG_INFO = INCLUDE_SOURCE;
				MTL_FAST_MATH = YES;
				ONLY_ACTIVE_ARCH = YES;
				SDKROOT = iphoneos;
				SWIFT_ACTIVE_COMPILATION_CONDITIONS = DEBUG;
				SWIFT_OPTIMIZATION_LEVEL = "-Onone";
			};
			name = Debug;
		};
		62F5DDCD2967B7490039D0BA /* Release */ = {
			isa = XCBuildConfiguration;
			buildSettings = {
				ALWAYS_SEARCH_USER_PATHS = NO;
				CLANG_ANALYZER_NONNULL = YES;
				CLANG_ANALYZER_NUMBER_OBJECT_CONVERSION = YES_AGGRESSIVE;
				CLANG_CXX_LANGUAGE_STANDARD = "gnu++20";
				CLANG_ENABLE_MODULES = YES;
				CLANG_ENABLE_OBJC_ARC = YES;
				CLANG_ENABLE_OBJC_WEAK = YES;
				CLANG_WARN_BLOCK_CAPTURE_AUTORELEASING = YES;
				CLANG_WARN_BOOL_CONVERSION = YES;
				CLANG_WARN_COMMA = YES;
				CLANG_WARN_CONSTANT_CONVERSION = YES;
				CLANG_WARN_DEPRECATED_OBJC_IMPLEMENTATIONS = YES;
				CLANG_WARN_DIRECT_OBJC_ISA_USAGE = YES_ERROR;
				CLANG_WARN_DOCUMENTATION_COMMENTS = YES;
				CLANG_WARN_EMPTY_BODY = YES;
				CLANG_WARN_ENUM_CONVERSION = YES;
				CLANG_WARN_INFINITE_RECURSION = YES;
				CLANG_WARN_INT_CONVERSION = YES;
				CLANG_WARN_NON_LITERAL_NULL_CONVERSION = YES;
				CLANG_WARN_OBJC_IMPLICIT_RETAIN_SELF = YES;
				CLANG_WARN_OBJC_LITERAL_CONVERSION = YES;
				CLANG_WARN_OBJC_ROOT_CLASS = YES_ERROR;
				CLANG_WARN_QUOTED_INCLUDE_IN_FRAMEWORK_HEADER = YES;
				CLANG_WARN_RANGE_LOOP_ANALYSIS = YES;
				CLANG_WARN_STRICT_PROTOTYPES = YES;
				CLANG_WARN_SUSPICIOUS_MOVE = YES;
				CLANG_WARN_UNGUARDED_AVAILABILITY = YES_AGGRESSIVE;
				CLANG_WARN_UNREACHABLE_CODE = YES;
				CLANG_WARN__DUPLICATE_METHOD_MATCH = YES;
				COPY_PHASE_STRIP = NO;
				DEBUG_INFORMATION_FORMAT = "dwarf-with-dsym";
				ENABLE_NS_ASSERTIONS = NO;
				ENABLE_STRICT_OBJC_MSGSEND = YES;
				GCC_C_LANGUAGE_STANDARD = gnu11;
				GCC_NO_COMMON_BLOCKS = YES;
				GCC_WARN_64_TO_32_BIT_CONVERSION = YES;
				GCC_WARN_ABOUT_RETURN_TYPE = YES_ERROR;
				GCC_WARN_UNDECLARED_SELECTOR = YES;
				GCC_WARN_UNINITIALIZED_AUTOS = YES_AGGRESSIVE;
				GCC_WARN_UNUSED_FUNCTION = YES;
				GCC_WARN_UNUSED_VARIABLE = YES;
				IPHONEOS_DEPLOYMENT_TARGET = 16.2;
				MTL_ENABLE_DEBUG_INFO = NO;
				MTL_FAST_MATH = YES;
				SDKROOT = iphoneos;
				SWIFT_COMPILATION_MODE = wholemodule;
				SWIFT_OPTIMIZATION_LEVEL = "-O";
				VALIDATE_PRODUCT = YES;
			};
			name = Release;
		};
		62F5DDCF2967B7490039D0BA /* Debug */ = {
			isa = XCBuildConfiguration;
			buildSettings = {
				ASSETCATALOG_COMPILER_APPICON_NAME = AppIcon;
				ASSETCATALOG_COMPILER_GLOBAL_ACCENT_COLOR_NAME = AccentColor;
				CODE_SIGN_STYLE = Automatic;
				CURRENT_PROJECT_VERSION = 1;
				DEVELOPMENT_ASSET_PATHS = "\"Ratiba/Preview Content\"";
				DEVELOPMENT_TEAM = KHAQRXX59T;
				ENABLE_PREVIEWS = YES;
				GENERATE_INFOPLIST_FILE = YES;
				INFOPLIST_KEY_UIApplicationSceneManifest_Generation = YES;
				INFOPLIST_KEY_UIApplicationSupportsIndirectInputEvents = YES;
				INFOPLIST_KEY_UILaunchScreen_Generation = YES;
				INFOPLIST_KEY_UISupportedInterfaceOrientations_iPad = "UIInterfaceOrientationPortrait UIInterfaceOrientationPortraitUpsideDown UIInterfaceOrientationLandscapeLeft UIInterfaceOrientationLandscapeRight";
				INFOPLIST_KEY_UISupportedInterfaceOrientations_iPhone = "UIInterfaceOrientationPortrait UIInterfaceOrientationLandscapeLeft UIInterfaceOrientationLandscapeRight";
				LD_RUNPATH_SEARCH_PATHS = (
					"$(inherited)",
					"@executable_path/Frameworks",
				);
				MARKETING_VERSION = 1.0;
				PRODUCT_BUNDLE_IDENTIFIER = "IOS-Dev.Ratiba";
				PRODUCT_NAME = "$(TARGET_NAME)";
				SWIFT_EMIT_LOC_STRINGS = YES;
				SWIFT_VERSION = 5.0;
				TARGETED_DEVICE_FAMILY = "1,2";
			};
			name = Debug;
		};
		62F5DDD02967B7490039D0BA /* Release */ = {
			isa = XCBuildConfiguration;
			buildSettings = {
				ASSETCATALOG_COMPILER_APPICON_NAME = AppIcon;
				ASSETCATALOG_COMPILER_GLOBAL_ACCENT_COLOR_NAME = AccentColor;
				CODE_SIGN_STYLE = Automatic;
				CURRENT_PROJECT_VERSION = 1;
				DEVELOPMENT_ASSET_PATHS = "\"Ratiba/Preview Content\"";
				DEVELOPMENT_TEAM = KHAQRXX59T;
				ENABLE_PREVIEWS = YES;
				GENERATE_INFOPLIST_FILE = YES;
				INFOPLIST_KEY_UIApplicationSceneManifest_Generation = YES;
				INFOPLIST_KEY_UIApplicationSupportsIndirectInputEvents = YES;
				INFOPLIST_KEY_UILaunchScreen_Generation = YES;
				INFOPLIST_KEY_UISupportedInterfaceOrientations_iPad = "UIInterfaceOrientationPortrait UIInterfaceOrientationPortraitUpsideDown UIInterfaceOrientationLandscapeLeft UIInterfaceOrientationLandscapeRight";
				INFOPLIST_KEY_UISupportedInterfaceOrientations_iPhone = "UIInterfaceOrientationPortrait UIInterfaceOrientationLandscapeLeft UIInterfaceOrientationLandscapeRight";
				LD_RUNPATH_SEARCH_PATHS = (
					"$(inherited)",
					"@executable_path/Frameworks",
				);
				MARKETING_VERSION = 1.0;
				PRODUCT_BUNDLE_IDENTIFIER = "IOS-Dev.Ratiba";
				PRODUCT_NAME = "$(TARGET_NAME)";
				SWIFT_EMIT_LOC_STRINGS = YES;
				SWIFT_VERSION = 5.0;
				TARGETED_DEVICE_FAMILY = "1,2";
			};
			name = Release;
		};
/* End XCBuildConfiguration section */

/* Begin XCConfigurationList section */
		62F5DDBB2967B7480039D0BA /* Build configuration list for PBXProject "Ratiba" */ = {
			isa = XCConfigurationList;
			buildConfigurations = (
				62F5DDCC2967B7490039D0BA /* Debug */,
				62F5DDCD2967B7490039D0BA /* Release */,
			);
			defaultConfigurationIsVisible = 0;
			defaultConfigurationName = Release;
		};
		62F5DDCE2967B7490039D0BA /* Build configuration list for PBXNativeTarget "Ratiba" */ = {
			isa = XCConfigurationList;
			buildConfigurations = (
				62F5DDCF2967B7490039D0BA /* Debug */,
				62F5DDD02967B7490039D0BA /* Release */,
			);
			defaultConfigurationIsVisible = 0;
			defaultConfigurationName = Release;
		};
/* End XCConfigurationList section */

/* Begin XCVersionGroup section */
		62F5DDEA2967E9CB0039D0BA /* Ratiba.xcdatamodeld */ = {
			isa = XCVersionGroup;
			children = (
				62F5DDEB2967E9CB0039D0BA /* Ratiba.xcdatamodel */,
			);
			currentVersion = 62F5DDEB2967E9CB0039D0BA /* Ratiba.xcdatamodel */;
			path = Ratiba.xcdatamodeld;
			sourceTree = "<group>";
			versionGroupType = wrapper.xcdatamodel;
		};
/* End XCVersionGroup section */
	};
	rootObject = 62F5DDB82967B7480039D0BA /* Project object */;
}
